
Microsoft Visual Studio Solution File, Format Version 12.00
# Visual Studio 2013
VisualStudioVersion = 12.0.21005.1
MinimumVisualStudioVersion = 10.0.40219.1
Project("{FAE04EC0-301F-11D3-BF4B-00C04F79EFBC}") = "SoFTLibrary.Framework.DataContext", "SoFTLibrary.Framework.DataContext\SoFTLibrary.Framework.DataContext.csproj", "{2AFBA08A-92E8-4390-99FA-218CDAD795C9}"
EndProject
Project("{FAE04EC0-301F-11D3-BF4B-00C04F79EFBC}") = "SoFTLibrary.Framework.ComponentModels", "SoFTLibrary.Framework.ComponentModels\SoFTLibrary.Framework.ComponentModels.csproj", "{9FF5648C-CEC8-4504-8EE8-4526C79C9E64}"
EndProject
Project("{FAE04EC0-301F-11D3-BF4B-00C04F79EFBC}") = "SoFTLibrary.Framework.ExtentionCores", "SoFTLibrary.Framework.ExtentionCores\SoFTLibrary.Framework.ExtentionCores.csproj", "{DFB6E5CC-0EC3-4179-842A-467CBC91E409}"
EndProject
Project("{FAE04EC0-301F-11D3-BF4B-00C04F79EFBC}") = "SoFTLibrary.Framework.Infrastructure.ProviderDataServices", "SoFTLibrary.Framework.Infrastructure.ProviderDataServices\SoFTLibrary.Framework.Infrastructure.ProviderDataServices.csproj", "{DD566113-A812-4C26-9E85-EB35F834EB3B}"
EndProject
Project("{FAE04EC0-301F-11D3-BF4B-00C04F79EFBC}") = "SoFTLibrary.UI", "SoFTLibrary.UI\SoFTLibrary.UI.csproj", "{AB7C4AAA-8A9D-4206-925D-2974E6F5C3DE}"
EndProject
Project("{FAE04EC0-301F-11D3-BF4B-00C04F79EFBC}") = "SoFTLibrary.Sample.UI", "SoFTLibrary.Sample.UI\SoFTLibrary.Sample.UI.csproj", "{839D73C3-A4C7-48F7-A2A7-5E63011547D6}"
EndProject
Project("{FAE04EC0-301F-11D3-BF4B-00C04F79EFBC}") = "SoFTLibrary.Framework.UI", "SoFTLibrary.Framework.UI\SoFTLibrary.Framework.UI.csproj", "{0C88959F-CE78-4C1A-844E-33CC79ECBDD3}"
EndProject
Global
	GlobalSection(SolutionConfigurationPlatforms) = preSolution
		Debug|Any CPU = Debug|Any CPU
		Release|Any CPU = Release|Any CPU
	EndGlobalSection
	GlobalSection(ProjectConfigurationPlatforms) = postSolution
		{2AFBA08A-92E8-4390-99FA-218CDAD795C9}.Debug|Any CPU.ActiveCfg = Debug|Any CPU
		{2AFBA08A-92E8-4390-99FA-218CDAD795C9}.Debug|Any CPU.Build.0 = Debug|Any CPU
		{2AFBA08A-92E8-4390-99FA-218CDAD795C9}.Release|Any CPU.ActiveCfg = Release|Any CPU
		{2AFBA08A-92E8-4390-99FA-218CDAD795C9}.Release|Any CPU.Build.0 = Release|Any CPU
		{9FF5648C-CEC8-4504-8EE8-4526C79C9E64}.Debug|Any CPU.ActiveCfg = Debug|Any CPU
		{9FF5648C-CEC8-4504-8EE8-4526C79C9E64}.Debug|Any CPU.Build.0 = Debug|Any CPU
		{9FF5648C-CEC8-4504-8EE8-4526C79C9E64}.Release|Any CPU.ActiveCfg = Release|Any CPU
		{9FF5648C-CEC8-4504-8EE8-4526C79C9E64}.Release|Any CPU.Build.0 = Release|Any CPU
		{DFB6E5CC-0EC3-4179-842A-467CBC91E409}.Debug|Any CPU.ActiveCfg = Debug|Any CPU
		{DFB6E5CC-0EC3-4179-842A-467CBC91E409}.Debug|Any CPU.Build.0 = Debug|Any CPU
		{DFB6E5CC-0EC3-4179-842A-467CBC91E409}.Release|Any CPU.ActiveCfg = Release|Any CPU
		{DFB6E5CC-0EC3-4179-842A-467CBC91E409}.Release|Any CPU.Build.0 = Release|Any CPU
		{DD566113-A812-4C26-9E85-EB35F834EB3B}.Debug|Any CPU.ActiveCfg = Debug|Any CPU
		{DD566113-A812-4C26-9E85-EB35F834EB3B}.Debug|Any CPU.Build.0 = Debug|Any CPU
		{DD566113-A812-4C26-9E85-EB35F834EB3B}.Release|Any CPU.ActiveCfg = Release|Any CPU
		{DD566113-A812-4C26-9E85-EB35F834EB3B}.Release|Any CPU.Build.0 = Release|Any CPU
		{AB7C4AAA-8A9D-4206-925D-2974E6F5C3DE}.Debug|Any CPU.ActiveCfg = Debug|Any CPU
		{AB7C4AAA-8A9D-4206-925D-2974E6F5C3DE}.Debug|Any CPU.Build.0 = Debug|Any CPU
		{AB7C4AAA-8A9D-4206-925D-2974E6F5C3DE}.Release|Any CPU.ActiveCfg = Release|Any CPU
		{AB7C4AAA-8A9D-4206-925D-2974E6F5C3DE}.Release|Any CPU.Build.0 = Release|Any CPU
		{839D73C3-A4C7-48F7-A2A7-5E63011547D6}.Debug|Any CPU.ActiveCfg = Debug|Any CPU
		{839D73C3-A4C7-48F7-A2A7-5E63011547D6}.Debug|Any CPU.Build.0 = Debug|Any CPU
		{839D73C3-A4C7-48F7-A2A7-5E63011547D6}.Release|Any CPU.ActiveCfg = Release|Any CPU
		{839D73C3-A4C7-48F7-A2A7-5E63011547D6}.Release|Any CPU.Build.0 = Release|Any CPU
		{0C88959F-CE78-4C1A-844E-33CC79ECBDD3}.Debug|Any CPU.ActiveCfg = Debug|Any CPU
		{0C88959F-CE78-4C1A-844E-33CC79ECBDD3}.Debug|Any CPU.Build.0 = Debug|Any CPU
		{0C88959F-CE78-4C1A-844E-33CC79ECBDD3}.Release|Any CPU.ActiveCfg = Release|Any CPU
		{0C88959F-CE78-4C1A-844E-33CC79ECBDD3}.Release|Any CPU.Build.0 = Release|Any CPU
	EndGlobalSection
	GlobalSection(SolutionProperties) = preSolution
		HideSolutionNode = FALSE
	EndGlobalSection
	GlobalSection(ExtensibilityGlobals) = postSolution
		EnterpriseLibraryConfigurationToolBinariesPathV6 = packages\EnterpriseLibrary.Common.6.0.1304.0\lib\NET45;packages\EnterpriseLibrary.Data.6.0.1304.0\lib\NET45
	EndGlobalSection
EndGlobal
